
Microsoft Visual Studio Solution File, Format Version 12.00
# Visual Studio Version 17
VisualStudioVersion = 17.3.32929.385
MinimumVisualStudioVersion = 10.0.40219.1
Project("{FAE04EC0-301F-11D3-BF4B-00C04F79EFBC}") = "FirstAPI", "FirstAPI.csproj", "{E8DD3F5C-20B2-4DCC-ABE8-13E1D33BB1AB}"
EndProject
Global
	GlobalSection(SolutionConfigurationPlatforms) = preSolution
		Debug|Any CPU = Debug|Any CPU
		Release|Any CPU = Release|Any CPU
	EndGlobalSection
	GlobalSection(ProjectConfigurationPlatforms) = postSolution
		{E8DD3F5C-20B2-4DCC-ABE8-13E1D33BB1AB}.Debug|Any CPU.ActiveCfg = Debug|Any CPU
		{E8DD3F5C-20B2-4DCC-ABE8-13E1D33BB1AB}.Debug|Any CPU.Build.0 = Debug|Any CPU
		{E8DD3F5C-20B2-4DCC-ABE8-13E1D33BB1AB}.Release|Any CPU.ActiveCfg = Release|Any CPU
		{E8DD3F5C-20B2-4DCC-ABE8-13E1D33BB1AB}.Release|Any CPU.Build.0 = Release|Any CPU
	EndGlobalSection
	GlobalSection(SolutionProperties) = preSolution
		HideSolutionNode = FALSE
	EndGlobalSection
	GlobalSection(ExtensibilityGlobals) = postSolution
		SolutionGuid = {68814AE7-CC44-4518-A415-70C6A6B27EBB}
	EndGlobalSection
EndGlobal
